
Microsoft Visual Studio Solution File, Format Version 12.00
# Visual Studio Version 16
VisualStudioVersion = 25.0.1706.10
MinimumVisualStudioVersion = 10.0.40219.1
Project("{FAE04EC0-301F-11D3-BF4B-00C04F79EFBC}") = "Drawingview_Bug", "Drawingview_Bug.csproj", "{06F1EEE6-0CF3-4970-ACF6-49B634A1022D}"
EndProject
Global
	GlobalSection(SolutionConfigurationPlatforms) = preSolution
		Debug|Any CPU = Debug|Any CPU
		Release|Any CPU = Release|Any CPU
	EndGlobalSection
	GlobalSection(ProjectConfigurationPlatforms) = postSolution
		{06F1EEE6-0CF3-4970-ACF6-49B634A1022D}.Debug|Any CPU.ActiveCfg = Debug|Any CPU
		{06F1EEE6-0CF3-4970-ACF6-49B634A1022D}.Debug|Any CPU.Build.0 = Debug|Any CPU
		{06F1EEE6-0CF3-4970-ACF6-49B634A1022D}.Release|Any CPU.ActiveCfg = Release|Any CPU
		{06F1EEE6-0CF3-4970-ACF6-49B634A1022D}.Release|Any CPU.Build.0 = Release|Any CPU
	EndGlobalSection
	GlobalSection(SolutionProperties) = preSolution
		HideSolutionNode = FALSE
	EndGlobalSection
	GlobalSection(ExtensibilityGlobals) = postSolution
		SolutionGuid = {C2E4B8EB-8FA5-4D2F-A9A8-F2FE73A84A8E}
	EndGlobalSection
EndGlobal
